
Microsoft Visual Studio Solution File, Format Version 12.00
# Visual Studio Version 17
VisualStudioVersion = 17.1.32414.318
MinimumVisualStudioVersion = 10.0.40219.1
Project("{2150E333-8FDC-42A3-9474-1A3956D46DE8}") = "Src", "Src", "{ECD94EDA-D35D-440A-8593-AE1A6C9529EA}"
EndProject
Project("{2150E333-8FDC-42A3-9474-1A3956D46DE8}") = "Tests", "Tests", "{8C1D5EF9-04A4-4A0A-AAAF-4A2CA3CEF6A8}"
EndProject
Project("{2150E333-8FDC-42A3-9474-1A3956D46DE8}") = "Core", "Core", "{AA8BB3CB-C772-486E-A238-84A0DE303E8E}"
EndProject
Project("{2150E333-8FDC-42A3-9474-1A3956D46DE8}") = "Infrastructure", "Infrastructure", "{24E6ABCF-3D54-441A-943F-4E3DC82698A3}"
EndProject
Project("{2150E333-8FDC-42A3-9474-1A3956D46DE8}") = "Presentation", "Presentation", "{AC447DED-9B15-474F-87C3-5DC08E630A4E}"
EndProject
Project("{FAE04EC0-301F-11D3-BF4B-00C04F79EFBC}") = "WebApi", "WebApi\WebApi.csproj", "{CD15CABE-5CE2-4FF8-92E6-AE762FC75837}"
EndProject
Project("{FAE04EC0-301F-11D3-BF4B-00C04F79EFBC}") = "Application", "Application\Application.csproj", "{C1C26BD3-18DC-4D04-9095-60988820BF1C}"
EndProject
Project("{FAE04EC0-301F-11D3-BF4B-00C04F79EFBC}") = "Domain", "Domain\Domain.csproj", "{952BCB2C-DF96-49E1-A4B4-27AEC57B27FA}"
EndProject
Project("{FAE04EC0-301F-11D3-BF4B-00C04F79EFBC}") = "Infrastructure", "Infrastructure\Infrastructure.csproj", "{A8594DF1-9A03-4B2E-9F27-6BF0090FED42}"
EndProject
Project("{FAE04EC0-301F-11D3-BF4B-00C04F79EFBC}") = "Persistence", "Persistence\Persistence.csproj", "{9F5B1A54-2E5C-4CA7-B30B-18E029549679}"
EndProject
Global
	GlobalSection(SolutionConfigurationPlatforms) = preSolution
		Debug|Any CPU = Debug|Any CPU
		Release|Any CPU = Release|Any CPU
	EndGlobalSection
	GlobalSection(ProjectConfigurationPlatforms) = postSolution
		{CD15CABE-5CE2-4FF8-92E6-AE762FC75837}.Debug|Any CPU.ActiveCfg = Debug|Any CPU
		{CD15CABE-5CE2-4FF8-92E6-AE762FC75837}.Debug|Any CPU.Build.0 = Debug|Any CPU
		{CD15CABE-5CE2-4FF8-92E6-AE762FC75837}.Release|Any CPU.ActiveCfg = Release|Any CPU
		{CD15CABE-5CE2-4FF8-92E6-AE762FC75837}.Release|Any CPU.Build.0 = Release|Any CPU
		{C1C26BD3-18DC-4D04-9095-60988820BF1C}.Debug|Any CPU.ActiveCfg = Debug|Any CPU
		{C1C26BD3-18DC-4D04-9095-60988820BF1C}.Debug|Any CPU.Build.0 = Debug|Any CPU
		{C1C26BD3-18DC-4D04-9095-60988820BF1C}.Release|Any CPU.ActiveCfg = Release|Any CPU
		{C1C26BD3-18DC-4D04-9095-60988820BF1C}.Release|Any CPU.Build.0 = Release|Any CPU
		{952BCB2C-DF96-49E1-A4B4-27AEC57B27FA}.Debug|Any CPU.ActiveCfg = Debug|Any CPU
		{952BCB2C-DF96-49E1-A4B4-27AEC57B27FA}.Debug|Any CPU.Build.0 = Debug|Any CPU
		{952BCB2C-DF96-49E1-A4B4-27AEC57B27FA}.Release|Any CPU.ActiveCfg = Release|Any CPU
		{952BCB2C-DF96-49E1-A4B4-27AEC57B27FA}.Release|Any CPU.Build.0 = Release|Any CPU
		{A8594DF1-9A03-4B2E-9F27-6BF0090FED42}.Debug|Any CPU.ActiveCfg = Debug|Any CPU
		{A8594DF1-9A03-4B2E-9F27-6BF0090FED42}.Debug|Any CPU.Build.0 = Debug|Any CPU
		{A8594DF1-9A03-4B2E-9F27-6BF0090FED42}.Release|Any CPU.ActiveCfg = Release|Any CPU
		{A8594DF1-9A03-4B2E-9F27-6BF0090FED42}.Release|Any CPU.Build.0 = Release|Any CPU
		{9F5B1A54-2E5C-4CA7-B30B-18E029549679}.Debug|Any CPU.ActiveCfg = Debug|Any CPU
		{9F5B1A54-2E5C-4CA7-B30B-18E029549679}.Debug|Any CPU.Build.0 = Debug|Any CPU
		{9F5B1A54-2E5C-4CA7-B30B-18E029549679}.Release|Any CPU.ActiveCfg = Release|Any CPU
		{9F5B1A54-2E5C-4CA7-B30B-18E029549679}.Release|Any CPU.Build.0 = Release|Any CPU
	EndGlobalSection
	GlobalSection(SolutionProperties) = preSolution
		HideSolutionNode = FALSE
	EndGlobalSection
	GlobalSection(NestedProjects) = preSolution
		{AA8BB3CB-C772-486E-A238-84A0DE303E8E} = {ECD94EDA-D35D-440A-8593-AE1A6C9529EA}
		{24E6ABCF-3D54-441A-943F-4E3DC82698A3} = {ECD94EDA-D35D-440A-8593-AE1A6C9529EA}
		{AC447DED-9B15-474F-87C3-5DC08E630A4E} = {ECD94EDA-D35D-440A-8593-AE1A6C9529EA}
		{CD15CABE-5CE2-4FF8-92E6-AE762FC75837} = {AC447DED-9B15-474F-87C3-5DC08E630A4E}
		{C1C26BD3-18DC-4D04-9095-60988820BF1C} = {AA8BB3CB-C772-486E-A238-84A0DE303E8E}
		{952BCB2C-DF96-49E1-A4B4-27AEC57B27FA} = {AA8BB3CB-C772-486E-A238-84A0DE303E8E}
		{A8594DF1-9A03-4B2E-9F27-6BF0090FED42} = {24E6ABCF-3D54-441A-943F-4E3DC82698A3}
		{9F5B1A54-2E5C-4CA7-B30B-18E029549679} = {24E6ABCF-3D54-441A-943F-4E3DC82698A3}
	EndGlobalSection
	GlobalSection(ExtensibilityGlobals) = postSolution
		SolutionGuid = {2E506E91-066A-421C-BD1A-10E81EE79AF3}
	EndGlobalSection
EndGlobal
